{
  "name": "picodx",
  "version": "0.1.0",
  "lockfileVersion": 3,
  "requires": true,
  "packages": {
    "": {
      "name": "picodx",
      "version": "0.1.0",
      "license": "MIT",
      "devDependencies": {
        "@picoruby/wasm-wasi": "^4.0.2"
      },
      "engines": {
        "node": ">=26.1.0"
      }
    },
    "node_modules/@picoruby/wasm-wasi": {
      "version": "4.0.2",
      "resolved": "https://registry.npmjs.org/@picoruby/wasm-wasi/-/wasm-wasi-4.0.2.tgz",
      "integrity": "sha512-Pm5NwyQ+zew22dRnV6/7uYbzVhu++jqm/5eyb1jyiTYQWJ7bQ0stYWlm8to9Z5JXfGiTUCSycQwZS9zLWSfzvQ==",
      "dev": true,
      "license": "MIT"
    }
  }
}
